{
  "lib/forge-std": {
    "rev": "6e05729b76f1ae0d437e74951aef1ca987788ab3"
  },
  "lib/uniswap-hooks": {
    "rev": "58892483c543ebde159a6ebacfd4b674afaca72a"
  },
  "lib/v4-core": {
    "rev": "80311e34080fee64b6fc6c916e9a51a437d0e482"
  },
  "lib/v4-periphery": {
    "rev": "fdb5d3ea09d07eef380edf1a329140c98ff39dbb"
  }
}